{
  "version": 4,
  "terraform_version": "1.4.6",
  "serial": 184,
  "lineage": "108d3b7f-755a-a9b2-0b59-d4989781efb9",
  "outputs": {},
  "resources": [
    {
      "module": "module.ACM",
      "mode": "managed",
      "type": "aws_acm_certificate",
      "name": "certificate",
      "provider": "provider[\"registry.terraform.io/hashicorp/aws\"]",
      "instances": [
        {
          "schema_version": 0,
          "attributes": {
            "arn": "arn:aws:acm:ap-northeast-1:864981749778:certificate/6b962e68-911a-4e14-a599-911fe3bac892",
            "certificate_authority_arn": "",
            "certificate_body": null,
            "certificate_chain": null,
            "domain_name": "tatwatan.com",
            "domain_validation_options": [
              {
                "domain_name": "tatwatan.com",
                "resource_record_name": "_be5b1ae1e18fa704762d85e0dc86d59c.tatwatan.com.",
                "resource_record_type": "CNAME",
                "resource_record_value": "_d9250925dcb3c36f5bf0b3e77ec8aa4c.xlfgrmvvlj.acm-validations.aws."
              }
            ],
            "early_renewal_duration": "",
            "id": "arn:aws:acm:ap-northeast-1:864981749778:certificate/6b962e68-911a-4e14-a599-911fe3bac892",
            "key_algorithm": "RSA_2048",
            "not_after": "2026-04-11T23:59:59Z",
            "not_before": "2025-03-13T00:00:00Z",
            "options": [
              {
                "certificate_transparency_logging_preference": "ENABLED"
              }
            ],
            "pending_renewal": false,
            "private_key": null,
            "renewal_eligibility": "INELIGIBLE",
            "renewal_summary": [],
            "status": "ISSUED",
            "subject_alternative_names": [
              "tatwatan.com"
            ],
            "tags": {},
            "tags_all": {},
            "type": "AMAZON_ISSUED",
            "validation_emails": [],
            "validation_method": "DNS",
            "validation_option": []
          },
          "sensitive_attributes": [],
          "private": "bnVsbA=="
        }
      ]
    },
    {
      "module": "module.ACM",
      "mode": "managed",
      "type": "aws_acm_certificate_validation",
      "name": "cert",
      "provider": "provider[\"registry.terraform.io/hashicorp/aws\"]",
      "instances": [
        {
          "schema_version": 0,
          "attributes": {
            "certificate_arn": "arn:aws:acm:ap-northeast-1:864981749778:certificate/6b962e68-911a-4e14-a599-911fe3bac892",
            "id": "0001-01-01 00:00:00 +0000 UTC",
            "timeouts": null,
            "validation_record_fqdns": [
              "_be5b1ae1e18fa704762d85e0dc86d59c.tatwatan.com"
            ]
          },
          "sensitive_attributes": [],
          "private": "eyJlMmJmYjczMC1lY2FhLTExZTYtOGY4OC0zNDM2M2JjN2M0YzAiOnsiY3JlYXRlIjo0NTAwMDAwMDAwMDAwfX0=",
          "dependencies": [
            "module.ACM.aws_acm_certificate.certificate",
            "module.ACM.aws_route53_record.cert_validation",
            "module.ACM.aws_route53_zone.r53_zone"
          ]
        }
      ]
    },
    {
      "module": "module.ACM",
      "mode": "managed",
      "type": "aws_route53_record",
      "name": "cert_validation",
      "provider": "provider[\"registry.terraform.io/hashicorp/aws\"]",
      "instances": [
        {
          "index_key": "tatwatan.com",
          "schema_version": 2,
          "attributes": {
            "alias": [],
            "allow_overwrite": true,
            "cidr_routing_policy": [],
            "failover_routing_policy": [],
            "fqdn": "_be5b1ae1e18fa704762d85e0dc86d59c.tatwatan.com",
            "geolocation_routing_policy": [],
            "health_check_id": "",
            "id": "Z028294131KGKU1PQNF3H__be5b1ae1e18fa704762d85e0dc86d59c.tatwatan.com._CNAME",
            "latency_routing_policy": [],
            "multivalue_answer_routing_policy": false,
            "name": "_be5b1ae1e18fa704762d85e0dc86d59c.tatwatan.com",
            "records": [
              "_d9250925dcb3c36f5bf0b3e77ec8aa4c.xlfgrmvvlj.acm-validations.aws."
            ],
            "set_identifier": "",
            "ttl": 60,
            "type": "CNAME",
            "weighted_routing_policy": [],
            "zone_id": "Z028294131KGKU1PQNF3H"
          },
          "sensitive_attributes": [],
          "private": "eyJzY2hlbWFfdmVyc2lvbiI6IjIifQ==",
          "dependencies": [
            "module.ACM.aws_acm_certificate.certificate",
            "module.ACM.aws_route53_zone.r53_zone"
          ]
        }
      ]
    },
    {
      "module": "module.ACM",
      "mode": "managed",
      "type": "aws_route53_zone",
      "name": "r53_zone",
      "provider": "provider[\"registry.terraform.io/hashicorp/aws\"]",
      "instances": [
        {
          "schema_version": 0,
          "attributes": {
            "arn": "arn:aws:route53:::hostedzone/Z028294131KGKU1PQNF3H",
            "comment": "Managed by Terraform",
            "delegation_set_id": "",
            "force_destroy": false,
            "id": "Z028294131KGKU1PQNF3H",
            "name": "tatwatan.com",
            "name_servers": [
              "ns-1127.awsdns-12.org",
              "ns-1974.awsdns-54.co.uk",
              "ns-231.awsdns-28.com",
              "ns-661.awsdns-18.net"
            ],
            "primary_name_server": "ns-231.awsdns-28.com",
            "tags": {},
            "tags_all": {},
            "vpc": [],
            "zone_id": "Z028294131KGKU1PQNF3H"
          },
          "sensitive_attributes": [],
          "private": "bnVsbA=="
        }
      ]
    },
    {
      "module": "module.ec2",
      "mode": "managed",
      "type": "aws_autoscaling_group",
      "name": "ec2_asg",
      "provider": "provider[\"registry.terraform.io/hashicorp/aws\"]",
      "instances": [
        {
          "schema_version": 0,
          "attributes": {
            "arn": "arn:aws:autoscaling:ap-northeast-1:864981749778:autoScalingGroup:c28f3121-dd3d-424c-940d-3ea3f4515a21:autoScalingGroupName/myASG-from-Terraform",
            "availability_zones": [
              "ap-northeast-1a",
              "ap-northeast-1c"
            ],
            "capacity_rebalance": false,
            "context": "",
            "default_cooldown": 300,
            "default_instance_warmup": 0,
            "desired_capacity": 1,
            "desired_capacity_type": "",
            "enabled_metrics": [
              "GroupInServiceInstances"
            ],
            "force_delete": false,
            "force_delete_warm_pool": false,
            "health_check_grace_period": 300,
            "health_check_type": "EC2",
            "id": "myASG-from-Terraform",
            "initial_lifecycle_hook": [],
            "instance_refresh": [],
            "launch_configuration": "",
            "launch_template": [
              {
                "id": "lt-0a070161b91adfca2",
                "name": "myEC2-template-from-Terraform",
                "version": "$Latest"
              }
            ],
            "load_balancers": [],
            "max_instance_lifetime": 0,
            "max_size": 2,
            "metrics_granularity": "1Minute",
            "min_elb_capacity": null,
            "min_size": 1,
            "mixed_instances_policy": [],
            "name": "myASG-from-Terraform",
            "name_prefix": "",
            "placement_group": "",
            "predicted_capacity": 0,
            "protect_from_scale_in": false,
            "service_linked_role_arn": "arn:aws:iam::864981749778:role/aws-service-role/autoscaling.amazonaws.com/AWSServiceRoleForAutoScaling",
            "suspended_processes": null,
            "tag": [],
            "target_group_arns": [
              "arn:aws:elasticloadbalancing:ap-northeast-1:864981749778:targetgroup/myELB-target-group-terraform/306b60945fc9a36f"
            ],
            "termination_policies": null,
            "timeouts": null,
            "traffic_source": [
              {
                "identifier": "arn:aws:elasticloadbalancing:ap-northeast-1:864981749778:targetgroup/myELB-target-group-terraform/306b60945fc9a36f",
                "type": "elbv2"
              }
            ],
            "vpc_zone_identifier": [
              "subnet-012395684e131ad34",
              "subnet-0e4b74ac9105a5e01"
            ],
            "wait_for_capacity_timeout": "10m",
            "wait_for_elb_capacity": null,
            "warm_pool": [],
            "warm_pool_size": 0
          },
          "sensitive_attributes": [],
          "private": "eyJlMmJmYjczMC1lY2FhLTExZTYtOGY4OC0zNDM2M2JjN2M0YzAiOnsiZGVsZXRlIjo2MDAwMDAwMDAwMDAsInVwZGF0ZSI6NjAwMDAwMDAwMDAwfX0=",
          "dependencies": [
            "module.ec2.aws_launch_template.ec2_template",
            "module.elb.aws_lb_target_group.elb_target_group",
            "module.keypair.aws_key_pair.key_pair",
            "module.security_group.aws_security_group.allow_ssh_http",
            "module.vpc.aws_subnet.public_a",
            "module.vpc.aws_subnet.public_c"
          ]
        }
      ]
    },
    {
      "module": "module.ec2",
      "mode": "managed",
      "type": "aws_autoscaling_policy",
      "name": "asg_policy",
      "provider": "provider[\"registry.terraform.io/hashicorp/aws\"]",
      "instances": [
        {
          "schema_version": 0,
          "attributes": {
            "adjustment_type": "",
            "arn": "arn:aws:autoscaling:ap-northeast-1:864981749778:scalingPolicy:3613fc22-3c9f-4977-8650-2b11213b16c3:autoScalingGroupName/myASG-from-Terraform:policyName/myASG-policy-from-Terraform",
            "autoscaling_group_name": "myASG-from-Terraform",
            "cooldown": 0,
            "enabled": true,
            "estimated_instance_warmup": 0,
            "id": "myASG-policy-from-Terraform",
            "metric_aggregation_type": "",
            "min_adjustment_magnitude": 0,
            "name": "myASG-policy-from-Terraform",
            "policy_type": "TargetTrackingScaling",
            "predictive_scaling_configuration": [],
            "scaling_adjustment": 0,
            "step_adjustment": [],
            "target_tracking_configuration": [
              {
                "customized_metric_specification": [],
                "disable_scale_in": false,
                "predefined_metric_specification": [
                  {
                    "predefined_metric_type": "ASGAverageCPUUtilization",
                    "resource_label": ""
                  }
                ],
                "target_value": 50
              }
            ]
          },
          "sensitive_attributes": [],
          "private": "bnVsbA==",
          "dependencies": [
            "module.ec2.aws_autoscaling_group.ec2_asg",
            "module.ec2.aws_launch_template.ec2_template",
            "module.elb.aws_lb_target_group.elb_target_group",
            "module.keypair.aws_key_pair.key_pair",
            "module.security_group.aws_security_group.allow_ssh_http",
            "module.vpc.aws_subnet.public_a",
            "module.vpc.aws_subnet.public_c"
          ]
        }
      ]
    },
    {
      "module": "module.ec2",
      "mode": "managed",
      "type": "aws_launch_template",
      "name": "ec2_template",
      "provider": "provider[\"registry.terraform.io/hashicorp/aws\"]",
      "instances": [
        {
          "schema_version": 0,
          "attributes": {
            "arn": "arn:aws:ec2:ap-northeast-1:864981749778:launch-template/lt-0a070161b91adfca2",
            "block_device_mappings": [],
            "capacity_reservation_specification": [],
            "cpu_options": [],
            "credit_specification": [],
            "default_version": 1,
            "description": "",
            "disable_api_stop": false,
            "disable_api_termination": false,
            "ebs_optimized": "",
            "elastic_gpu_specifications": [],
            "elastic_inference_accelerator": [],
            "enclave_options": [],
            "hibernation_options": [],
            "iam_instance_profile": [],
            "id": "lt-0a070161b91adfca2",
            "image_id": "ami-0a290015b99140cd1",
            "instance_initiated_shutdown_behavior": "",
            "instance_market_options": [],
            "instance_requirements": [],
            "instance_type": "t2.micro",
            "kernel_id": "",
            "key_name": "myproject-key",
            "latest_version": 2,
            "license_specification": [],
            "maintenance_options": [],
            "metadata_options": [],
            "monitoring": [],
            "name": "myEC2-template-from-Terraform",
            "name_prefix": "",
            "network_interfaces": [
              {
                "associate_carrier_ip_address": "",
                "associate_public_ip_address": "true",
                "delete_on_termination": "",
                "description": "",
                "device_index": 0,
                "interface_type": "",
                "ipv4_address_count": 0,
                "ipv4_addresses": [],
                "ipv4_prefix_count": 0,
                "ipv4_prefixes": [],
                "ipv6_address_count": 0,
                "ipv6_addresses": [],
                "ipv6_prefix_count": 0,
                "ipv6_prefixes": [],
                "network_card_index": 0,
                "network_interface_id": "",
                "private_ip_address": "",
                "security_groups": [
                  "sg-0c37ded5d452b1b99"
                ],
                "subnet_id": ""
              }
            ],
            "placement": [],
            "private_dns_name_options": [],
            "ram_disk_id": "",
            "security_group_names": [],
            "tag_specifications": [],
            "tags": {},
            "tags_all": {},
            "update_default_version": null,
            "user_data": "",
            "vpc_security_group_ids": []
          },
          "sensitive_attributes": [],
          "private": "bnVsbA==",
          "dependencies": [
            "module.keypair.aws_key_pair.key_pair",
            "module.security_group.aws_security_group.allow_ssh_http"
          ]
        }
      ]
    },
    {
      "module": "module.elb",
      "mode": "managed",
      "type": "aws_lb",
      "name": "elb",
      "provider": "provider[\"registry.terraform.io/hashicorp/aws\"]",
      "instances": [
        {
          "schema_version": 0,
          "attributes": {
            "access_logs": [
              {
                "bucket": "",
                "enabled": false,
                "prefix": ""
              }
            ],
            "arn": "arn:aws:elasticloadbalancing:ap-northeast-1:864981749778:loadbalancer/app/myELB-terraform/2f63d82c24eea2a9",
            "arn_suffix": "app/myELB-terraform/2f63d82c24eea2a9",
            "customer_owned_ipv4_pool": "",
            "desync_mitigation_mode": "defensive",
            "dns_name": "myELB-terraform-1116835966.ap-northeast-1.elb.amazonaws.com",
            "drop_invalid_header_fields": false,
            "enable_cross_zone_load_balancing": true,
            "enable_deletion_protection": false,
            "enable_http2": true,
            "enable_tls_version_and_cipher_suite_headers": false,
            "enable_waf_fail_open": false,
            "enable_xff_client_port": false,
            "id": "arn:aws:elasticloadbalancing:ap-northeast-1:864981749778:loadbalancer/app/myELB-terraform/2f63d82c24eea2a9",
            "idle_timeout": 60,
            "internal": false,
            "ip_address_type": "ipv4",
            "load_balancer_type": "application",
            "name": "myELB-terraform",
            "name_prefix": null,
            "preserve_host_header": false,
            "security_groups": [
              "sg-0f4f81e6aad35a8d0"
            ],
            "subnet_mapping": [
              {
                "allocation_id": "",
                "ipv6_address": "",
                "outpost_id": "",
                "private_ipv4_address": "",
                "subnet_id": "subnet-012395684e131ad34"
              },
              {
                "allocation_id": "",
                "ipv6_address": "",
                "outpost_id": "",
                "private_ipv4_address": "",
                "subnet_id": "subnet-0e4b74ac9105a5e01"
              }
            ],
            "subnets": [
              "subnet-012395684e131ad34",
              "subnet-0e4b74ac9105a5e01"
            ],
            "tags": {
              "Name": "myELB-terraform"
            },
            "tags_all": {
              "Name": "myELB-terraform"
            },
            "timeouts": null,
            "vpc_id": "vpc-0ed97aaeb04602fd9",
            "xff_header_processing_mode": "append",
            "zone_id": "Z14GRHDCWA56QT"
          },
          "sensitive_attributes": [],
          "private": "eyJlMmJmYjczMC1lY2FhLTExZTYtOGY4OC0zNDM2M2JjN2M0YzAiOnsiY3JlYXRlIjo2MDAwMDAwMDAwMDAsImRlbGV0ZSI6NjAwMDAwMDAwMDAwLCJ1cGRhdGUiOjYwMDAwMDAwMDAwMH19",
          "dependencies": [
            "module.security_group.aws_security_group.allow_http_only",
            "module.vpc.aws_subnet.public_a",
            "module.vpc.aws_subnet.public_c",
            "module.vpc.aws_vpc.main"
          ]
        }
      ]
    },
    {
      "module": "module.elb",
      "mode": "managed",
      "type": "aws_lb_listener",
      "name": "elb_listener_http",
      "provider": "provider[\"registry.terraform.io/hashicorp/aws\"]",
      "instances": [
        {
          "schema_version": 0,
          "attributes": {
            "alpn_policy": null,
            "arn": "arn:aws:elasticloadbalancing:ap-northeast-1:864981749778:listener/app/myELB-terraform/2f63d82c24eea2a9/aae5c8d49c1165f1",
            "certificate_arn": null,
            "default_action": [
              {
                "authenticate_cognito": [],
                "authenticate_oidc": [],
                "fixed_response": [],
                "forward": [],
                "order": 1,
                "redirect": [
                  {
                    "host": "#{host}",
                    "path": "/#{path}",
                    "port": "443",
                    "protocol": "HTTPS",
                    "query": "#{query}",
                    "status_code": "HTTP_301"
                  }
                ],
                "target_group_arn": "",
                "type": "redirect"
              }
            ],
            "id": "arn:aws:elasticloadbalancing:ap-northeast-1:864981749778:listener/app/myELB-terraform/2f63d82c24eea2a9/aae5c8d49c1165f1",
            "load_balancer_arn": "arn:aws:elasticloadbalancing:ap-northeast-1:864981749778:loadbalancer/app/myELB-terraform/2f63d82c24eea2a9",
            "port": 80,
            "protocol": "HTTP",
            "ssl_policy": "",
            "tags": {},
            "tags_all": {},
            "timeouts": null
          },
          "sensitive_attributes": [],
          "private": "eyJlMmJmYjczMC1lY2FhLTExZTYtOGY4OC0zNDM2M2JjN2M0YzAiOnsicmVhZCI6NjAwMDAwMDAwMDAwfX0=",
          "dependencies": [
            "module.elb.aws_lb.elb",
            "module.security_group.aws_security_group.allow_http_only",
            "module.vpc.aws_subnet.public_a",
            "module.vpc.aws_subnet.public_c",
            "module.vpc.aws_vpc.main"
          ]
        }
      ]
    },
    {
      "module": "module.elb",
      "mode": "managed",
      "type": "aws_lb_listener",
      "name": "elb_listener_https",
      "provider": "provider[\"registry.terraform.io/hashicorp/aws\"]",
      "instances": [
        {
          "schema_version": 0,
          "attributes": {
            "alpn_policy": null,
            "arn": "arn:aws:elasticloadbalancing:ap-northeast-1:864981749778:listener/app/myELB-terraform/2f63d82c24eea2a9/37a0dc5dd0207b62",
            "certificate_arn": "arn:aws:acm:ap-northeast-1:864981749778:certificate/6b962e68-911a-4e14-a599-911fe3bac892",
            "default_action": [
              {
                "authenticate_cognito": [],
                "authenticate_oidc": [],
                "fixed_response": [
                  {
                    "content_type": "text/plain",
                    "message_body": "Not Found",
                    "status_code": "404"
                  }
                ],
                "forward": [],
                "order": 1,
                "redirect": [],
                "target_group_arn": "",
                "type": "fixed-response"
              }
            ],
            "id": "arn:aws:elasticloadbalancing:ap-northeast-1:864981749778:listener/app/myELB-terraform/2f63d82c24eea2a9/37a0dc5dd0207b62",
            "load_balancer_arn": "arn:aws:elasticloadbalancing:ap-northeast-1:864981749778:loadbalancer/app/myELB-terraform/2f63d82c24eea2a9",
            "port": 443,
            "protocol": "HTTPS",
            "ssl_policy": "ELBSecurityPolicy-2016-08",
            "tags": null,
            "tags_all": {},
            "timeouts": null
          },
          "sensitive_attributes": [],
          "private": "eyJlMmJmYjczMC1lY2FhLTExZTYtOGY4OC0zNDM2M2JjN2M0YzAiOnsicmVhZCI6NjAwMDAwMDAwMDAwfX0=",
          "dependencies": [
            "module.ACM.aws_acm_certificate.certificate",
            "module.elb.aws_lb.elb"
          ]
        }
      ]
    },
    {
      "module": "module.elb",
      "mode": "managed",
      "type": "aws_lb_listener_rule",
      "name": "elb_listener_rule",
      "provider": "provider[\"registry.terraform.io/hashicorp/aws\"]",
      "instances": [
        {
          "schema_version": 0,
          "attributes": {
            "action": [
              {
                "authenticate_cognito": [],
                "authenticate_oidc": [],
                "fixed_response": [],
                "forward": [],
                "order": 1,
                "redirect": [],
                "target_group_arn": "arn:aws:elasticloadbalancing:ap-northeast-1:864981749778:targetgroup/myELB-target-group-terraform/306b60945fc9a36f",
                "type": "forward"
              }
            ],
            "arn": "arn:aws:elasticloadbalancing:ap-northeast-1:864981749778:listener-rule/app/myELB-terraform/2f63d82c24eea2a9/37a0dc5dd0207b62/38fc22f1f17b84f1",
            "condition": [
              {
                "host_header": [],
                "http_header": [],
                "http_request_method": [],
                "path_pattern": [
                  {
                    "values": [
                      "/"
                    ]
                  }
                ],
                "query_string": [],
                "source_ip": []
              }
            ],
            "id": "arn:aws:elasticloadbalancing:ap-northeast-1:864981749778:listener-rule/app/myELB-terraform/2f63d82c24eea2a9/37a0dc5dd0207b62/38fc22f1f17b84f1",
            "listener_arn": "arn:aws:elasticloadbalancing:ap-northeast-1:864981749778:listener/app/myELB-terraform/2f63d82c24eea2a9/37a0dc5dd0207b62",
            "priority": 10,
            "tags": null,
            "tags_all": {}
          },
          "sensitive_attributes": [],
          "private": "bnVsbA==",
          "dependencies": [
            "module.ACM.aws_acm_certificate.certificate",
            "module.elb.aws_lb.elb",
            "module.elb.aws_lb_listener.elb_listener_https",
            "module.elb.aws_lb_target_group.elb_target_group"
          ]
        }
      ]
    },
    {
      "module": "module.elb",
      "mode": "managed",
      "type": "aws_lb_target_group",
      "name": "elb_target_group",
      "provider": "provider[\"registry.terraform.io/hashicorp/aws\"]",
      "instances": [
        {
          "schema_version": 0,
          "attributes": {
            "arn": "arn:aws:elasticloadbalancing:ap-northeast-1:864981749778:targetgroup/myELB-target-group-terraform/306b60945fc9a36f",
            "arn_suffix": "targetgroup/myELB-target-group-terraform/306b60945fc9a36f",
            "connection_termination": false,
            "deregistration_delay": "300",
            "health_check": [
              {
                "enabled": true,
                "healthy_threshold": 5,
                "interval": 30,
                "matcher": "200",
                "path": "/",
                "port": "traffic-port",
                "protocol": "HTTP",
                "timeout": 20,
                "unhealthy_threshold": 2
              }
            ],
            "id": "arn:aws:elasticloadbalancing:ap-northeast-1:864981749778:targetgroup/myELB-target-group-terraform/306b60945fc9a36f",
            "ip_address_type": "ipv4",
            "lambda_multi_value_headers_enabled": false,
            "load_balancing_algorithm_type": "round_robin",
            "load_balancing_cross_zone_enabled": "use_load_balancer_configuration",
            "name": "myELB-target-group-terraform",
            "name_prefix": null,
            "port": 80,
            "preserve_client_ip": null,
            "protocol": "HTTP",
            "protocol_version": "HTTP1",
            "proxy_protocol_v2": false,
            "slow_start": 0,
            "stickiness": [
              {
                "cookie_duration": 86400,
                "cookie_name": "",
                "enabled": false,
                "type": "lb_cookie"
              }
            ],
            "tags": {},
            "tags_all": {},
            "target_failover": [
              {
                "on_deregistration": null,
                "on_unhealthy": null
              }
            ],
            "target_type": "instance",
            "vpc_id": "vpc-0ed97aaeb04602fd9"
          },
          "sensitive_attributes": [],
          "private": "bnVsbA==",
          "dependencies": [
            "module.vpc.aws_vpc.main"
          ]
        }
      ]
    },
    {
      "module": "module.elb",
      "mode": "managed",
      "type": "aws_route53_record",
      "name": "elb_record",
      "provider": "provider[\"registry.terraform.io/hashicorp/aws\"]",
      "instances": [
        {
          "schema_version": 2,
          "attributes": {
            "alias": [
              {
                "evaluate_target_health": true,
                "name": "myelb-terraform-1116835966.ap-northeast-1.elb.amazonaws.com",
                "zone_id": "Z14GRHDCWA56QT"
              }
            ],
            "allow_overwrite": null,
            "cidr_routing_policy": [],
            "failover_routing_policy": [],
            "fqdn": "tatwatan.com",
            "geolocation_routing_policy": [],
            "health_check_id": "",
            "id": "Z028294131KGKU1PQNF3H_tatwatan.com_A",
            "latency_routing_policy": [],
            "multivalue_answer_routing_policy": false,
            "name": "tatwatan.com",
            "records": [],
            "set_identifier": "",
            "ttl": 0,
            "type": "A",
            "weighted_routing_policy": [],
            "zone_id": "Z028294131KGKU1PQNF3H"
          },
          "sensitive_attributes": [],
          "private": "eyJzY2hlbWFfdmVyc2lvbiI6IjIifQ==",
          "dependencies": [
            "module.ACM.aws_route53_zone.r53_zone",
            "module.elb.aws_lb.elb",
            "module.security_group.aws_security_group.allow_http_only",
            "module.vpc.aws_subnet.public_a",
            "module.vpc.aws_subnet.public_c",
            "module.vpc.aws_vpc.main"
          ]
        }
      ]
    },
    {
      "module": "module.igw",
      "mode": "managed",
      "type": "aws_internet_gateway",
      "name": "igw",
      "provider": "provider[\"registry.terraform.io/hashicorp/aws\"]",
      "instances": [
        {
          "schema_version": 0,
          "attributes": {
            "arn": "arn:aws:ec2:ap-northeast-1:864981749778:internet-gateway/igw-084a1e9dbcad4980f",
            "id": "igw-084a1e9dbcad4980f",
            "owner_id": "864981749778",
            "tags": {
              "Name": "myIGW-from-Terraform"
            },
            "tags_all": {
              "Name": "myIGW-from-Terraform"
            },
            "timeouts": null,
            "vpc_id": "vpc-0ed97aaeb04602fd9"
          },
          "sensitive_attributes": [],
          "private": "eyJlMmJmYjczMC1lY2FhLTExZTYtOGY4OC0zNDM2M2JjN2M0YzAiOnsiY3JlYXRlIjoxMjAwMDAwMDAwMDAwLCJkZWxldGUiOjEyMDAwMDAwMDAwMDAsInVwZGF0ZSI6MTIwMDAwMDAwMDAwMH19",
          "dependencies": [
            "module.vpc.aws_vpc.main"
          ]
        }
      ]
    },
    {
      "module": "module.igw",
      "mode": "managed",
      "type": "aws_route",
      "name": "route_info0",
      "provider": "provider[\"registry.terraform.io/hashicorp/aws\"]",
      "instances": [
        {
          "schema_version": 0,
          "attributes": {
            "carrier_gateway_id": "",
            "core_network_arn": "",
            "destination_cidr_block": "0.0.0.0/0",
            "destination_ipv6_cidr_block": "",
            "destination_prefix_list_id": "",
            "egress_only_gateway_id": "",
            "gateway_id": "igw-084a1e9dbcad4980f",
            "id": "r-rtb-09729a41348729f4f1080289494",
            "instance_id": "",
            "instance_owner_id": "",
            "local_gateway_id": "",
            "nat_gateway_id": "",
            "network_interface_id": "",
            "origin": "CreateRoute",
            "route_table_id": "rtb-09729a41348729f4f",
            "state": "active",
            "timeouts": null,
            "transit_gateway_id": "",
            "vpc_endpoint_id": "",
            "vpc_peering_connection_id": ""
          },
          "sensitive_attributes": [],
          "private": "eyJlMmJmYjczMC1lY2FhLTExZTYtOGY4OC0zNDM2M2JjN2M0YzAiOnsiY3JlYXRlIjozMDAwMDAwMDAwMDAsImRlbGV0ZSI6MzAwMDAwMDAwMDAwLCJ1cGRhdGUiOjEyMDAwMDAwMDAwMH19",
          "dependencies": [
            "module.igw.aws_internet_gateway.igw",
            "module.igw.aws_route_table.router0",
            "module.vpc.aws_vpc.main"
          ]
        }
      ]
    },
    {
      "module": "module.igw",
      "mode": "managed",
      "type": "aws_route_table",
      "name": "router0",
      "provider": "provider[\"registry.terraform.io/hashicorp/aws\"]",
      "instances": [
        {
          "schema_version": 0,
          "attributes": {
            "arn": "arn:aws:ec2:ap-northeast-1:864981749778:route-table/rtb-09729a41348729f4f",
            "id": "rtb-09729a41348729f4f",
            "owner_id": "864981749778",
            "propagating_vgws": [],
            "route": [
              {
                "carrier_gateway_id": "",
                "cidr_block": "0.0.0.0/0",
                "core_network_arn": "",
                "destination_prefix_list_id": "",
                "egress_only_gateway_id": "",
                "gateway_id": "igw-084a1e9dbcad4980f",
                "ipv6_cidr_block": "",
                "local_gateway_id": "",
                "nat_gateway_id": "",
                "network_interface_id": "",
                "transit_gateway_id": "",
                "vpc_endpoint_id": "",
                "vpc_peering_connection_id": ""
              }
            ],
            "tags": {
              "Name": "my-IGW-RouteTable-from-Terraform"
            },
            "tags_all": {
              "Name": "my-IGW-RouteTable-from-Terraform"
            },
            "timeouts": null,
            "vpc_id": "vpc-0ed97aaeb04602fd9"
          },
          "sensitive_attributes": [],
          "private": "eyJlMmJmYjczMC1lY2FhLTExZTYtOGY4OC0zNDM2M2JjN2M0YzAiOnsiY3JlYXRlIjozMDAwMDAwMDAwMDAsImRlbGV0ZSI6MzAwMDAwMDAwMDAwLCJ1cGRhdGUiOjEyMDAwMDAwMDAwMH19",
          "dependencies": [
            "module.vpc.aws_vpc.main"
          ]
        }
      ]
    },
    {
      "module": "module.igw",
      "mode": "managed",
      "type": "aws_route_table_association",
      "name": "association_public",
      "provider": "provider[\"registry.terraform.io/hashicorp/aws\"]",
      "instances": [
        {
          "index_key": 0,
          "schema_version": 0,
          "attributes": {
            "gateway_id": "",
            "id": "rtbassoc-06821d7960263c8b8",
            "route_table_id": "rtb-09729a41348729f4f",
            "subnet_id": "subnet-0e4b74ac9105a5e01",
            "timeouts": null
          },
          "sensitive_attributes": [],
          "private": "eyJlMmJmYjczMC1lY2FhLTExZTYtOGY4OC0zNDM2M2JjN2M0YzAiOnsiY3JlYXRlIjozMDAwMDAwMDAwMDAsImRlbGV0ZSI6MzAwMDAwMDAwMDAwLCJ1cGRhdGUiOjEyMDAwMDAwMDAwMH19",
          "dependencies": [
            "module.igw.aws_route_table.router0",
            "module.vpc.aws_subnet.public_a",
            "module.vpc.aws_subnet.public_c",
            "module.vpc.aws_vpc.main"
          ]
        },
        {
          "index_key": 1,
          "schema_version": 0,
          "attributes": {
            "gateway_id": "",
            "id": "rtbassoc-06ff01e1951a54d6b",
            "route_table_id": "rtb-09729a41348729f4f",
            "subnet_id": "subnet-012395684e131ad34",
            "timeouts": null
          },
          "sensitive_attributes": [],
          "private": "eyJlMmJmYjczMC1lY2FhLTExZTYtOGY4OC0zNDM2M2JjN2M0YzAiOnsiY3JlYXRlIjozMDAwMDAwMDAwMDAsImRlbGV0ZSI6MzAwMDAwMDAwMDAwLCJ1cGRhdGUiOjEyMDAwMDAwMDAwMH19",
          "dependencies": [
            "module.igw.aws_route_table.router0",
            "module.vpc.aws_subnet.public_a",
            "module.vpc.aws_subnet.public_c",
            "module.vpc.aws_vpc.main"
          ]
        }
      ]
    },
    {
      "module": "module.keypair",
      "mode": "managed",
      "type": "aws_key_pair",
      "name": "key_pair",
      "provider": "provider[\"registry.terraform.io/hashicorp/aws\"]",
      "instances": [
        {
          "schema_version": 1,
          "attributes": {
            "arn": "arn:aws:ec2:ap-northeast-1:864981749778:key-pair/myproject-key",
            "fingerprint": "f7:32:be:f4:0d:5e:23:24:02:6c:1a:3c:6e:fa:57:44",
            "id": "myproject-key",
            "key_name": "myproject-key",
            "key_name_prefix": "",
            "key_pair_id": "key-0e465908ba1938ee8",
            "key_type": "rsa",
            "public_key": "ssh-rsa AAAAB3NzaC1yc2EAAAADAQABAAABAQCteqIKUyLKbHRyjol/r12/ZonxJ8uPNXoRFm0DdGu9E35vrK6S4/ixyy3ZafBT00w84xctmAlQnYJ4wCf18IUumxCi6y2/DLCUo1BieoZKxMuQCgDTdcIz4VUGeg0s7rmCDjPYvEmKr/s/F7XNbKZABliA9ufLuH9agq7SPjdWr2pfziEFpz7xJ75YvW8CP3XuE/J2cPtcXlRyhXYoYqpYp/Y7kUuTjiJsnn5FeRs64lUbg3rXQmbGY2cWp6OcasxdH8ET33PHDcnp4G5SCIZDv3yEmws3PwKKE7vCDJMOXUG/C0wQAXIJ/JwNv4kTkzdmCbMSoy0ufur9u+QyBbbD",
            "tags": {},
            "tags_all": {}
          },
          "sensitive_attributes": [],
          "private": "eyJzY2hlbWFfdmVyc2lvbiI6IjEifQ==",
          "dependencies": [
            "module.keypair.tls_private_key.keygen"
          ]
        }
      ]
    },
    {
      "module": "module.keypair",
      "mode": "managed",
      "type": "local_file",
      "name": "private_key_pem",
      "provider": "provider[\"registry.terraform.io/hashicorp/local\"]",
      "instances": [
        {
          "schema_version": 0,
          "attributes": {
            "content": "-----BEGIN RSA PRIVATE KEY-----\nMIIEogIBAAKCAQEArXqiClMiymx0co6Jf69dv2aJ8SfLjzV6ERZtA3RrvRN+b6yu\nkuP4scst2WnwU9NMPOMXLZgJUJ2CeMAn9fCFLpsQoustvwywlKNQYnqGSsTLkAoA\n03XCM+FVBnoNLO65gg4z2LxJiq/7Pxe1zWymQAZYgPbny7h/WoKu0j43Vq9qX84h\nBac+8Se+WL1vAj917hPydnD7XF5UcoV2KGKqWKf2O5FLk44ibJ5+RXkbOuJVG4N6\n10JmxmNnFqejnGrMXR/BE99zxw3J6eBuUgiGQ798hJsLNz8CihO7wgyTDl1BvwtM\nEAFyCfycDb+JE5M3ZgmzEqMtLn7q/bvkMgW2wwIDAQABAoIBAFoOEDI16BiW5nhV\ngBFVkt/6Nd+HXgeQpjZaouqpNAiqJveH9/Pu/jollD6J3SVWyfvNk0mq5CMCMSnH\n7ragTjLccm1wkoXb64qtoNwOaMpFkLrMRpN/TPornjzHfTF3F7vo7Yc0byTcqBuf\njlP+c+tGoAkKo1fBBfORZXlkrMuFVzCCBU/cUyDvhfeFmhpRyTpqpD3NuDUzz1Ut\nB/uda+N4IPkGdMZtG/rcCiGhFbyExdMBP952u7uuvRVML71uV5c7FGqYNpiqP7FA\n8ndd/00VKp+spsMZ1durXkJO+0+yLL0zCSXEmlNfhvmp0bqMfIVeqRzNT1rCP1+A\nPQO5mHECgYEA3TOEPeQtW+mUVmdcRgVQYeRAU3phJCoP7ogu+O0e8fTeHaV4z/yV\nJ8hN2Uf0Ub5cKErVX5IC1IQiCYM9+sidPZm4fbwJUC6X5xzuZ2YIjOJYtqBv+RGG\ny8bkmM7ru/DERpUEj1ez8ilsxGhcY9jT3/p07IRXNQEnFinJfDQ+xtsCgYEAyMUw\ntATkbCqdHRvYUzmhJc9zVEaBMY3xU+qPlBB16/U0U13h5k6MLtdkmakW1wiy+ZSp\netCI4jTQA6Wog3hDemOyyMRkOkx2J3XTj7ZSgC+fIr2URXXoEG9dNCOCvYa8yca9\nHqvX9kWiuCk3FcF79tdKDRMPfeJW2Dk16DDlUDkCgYBKsmHe0JXsqtUX1HGZh6Pc\nWsrKJdJ19upIX56VGuXPSSRUmJNSkPYBaCe5zw2XKRRP2u1xB4qDH1erJLGiZWqL\n6cQeWYg/lmxfdCqhqhgLE0hn64fEcQG3AKQjYgTDA4wUVbAjg7dVeF2teZxxb0Al\nK5ueXxZf5NLBLj1G/xGP7wKBgFH1vfYfcSh/FPiHH36KLjEDSS+EQMV8DqKVRNvL\nBHi49w15a/ja4/tTTuwzzPEnyfh9KdrLOrYtnSWAART6iYFzJc8z7T6nbCybuywV\n4AQYbLx/7AGXKo9bBw9716mLUZKFoTreKCGPN+g6WxR0kiiopsBDobVgKtfGMy2A\nmHxxAoGAI15uDj3T8OVAG2gkMdyMozK2Dnyl2H2o6Iy4ZShQ6n4yUH0/Lwjolm8/\niodrrSKJK2leKLN0hFfDnZ3HFxra7v8ivrl5Jq+TdMizl+ezKGyQA74OH5drnnRD\nuQOIZgq8BgJmPk7wAKZtc35EISoyntzh3M2fD00hTviF7SjmBEo=\n-----END RSA PRIVATE KEY-----\n",
            "content_base64": null,
            "content_base64sha256": "iYE9fI1W5DQbiyQrSDMdFPBcuxgwml+QvIib8p4hdPI=",
            "content_base64sha512": "05TBxNZmVxGQ39XcdgW6SccntIi0PCZCz7tMZ9nX3kUIO6OZKXmrDdzjcFarzuWYg+gPb0y89rQRhY/2C9GWzQ==",
            "content_md5": "3abaa6e0b1783afd1b0e448b0c5f792b",
            "content_sha1": "014d3f18fc1831053b35cd516d40765883e7fb24",
            "content_sha256": "89813d7c8d56e4341b8b242b48331d14f05cbb18309a5f90bc889bf29e2174f2",
            "content_sha512": "d394c1c4d666571190dfd5dc7605ba49c727b488b43c2642cfbb4c67d9d7de45083ba3992979ab0ddce37056abcee59883e80f6f4cbcf6b411858ff60bd196cd",
            "directory_permission": "0777",
            "file_permission": "0777",
            "filename": "../../modules/ssh_key/.ssh/myproject.id_rsa",
            "id": "014d3f18fc1831053b35cd516d40765883e7fb24",
            "sensitive_content": null,
            "source": null
          },
          "sensitive_attributes": [
            [
              {
                "type": "get_attr",
                "value": "content"
              }
            ]
          ],
          "dependencies": [
            "module.keypair.tls_private_key.keygen"
          ]
        }
      ]
    },
    {
      "module": "module.keypair",
      "mode": "managed",
      "type": "local_file",
      "name": "public_key_openssh",
      "provider": "provider[\"registry.terraform.io/hashicorp/local\"]",
      "instances": [
        {
          "schema_version": 0,
          "attributes": {
            "content": "ssh-rsa AAAAB3NzaC1yc2EAAAADAQABAAABAQCteqIKUyLKbHRyjol/r12/ZonxJ8uPNXoRFm0DdGu9E35vrK6S4/ixyy3ZafBT00w84xctmAlQnYJ4wCf18IUumxCi6y2/DLCUo1BieoZKxMuQCgDTdcIz4VUGeg0s7rmCDjPYvEmKr/s/F7XNbKZABliA9ufLuH9agq7SPjdWr2pfziEFpz7xJ75YvW8CP3XuE/J2cPtcXlRyhXYoYqpYp/Y7kUuTjiJsnn5FeRs64lUbg3rXQmbGY2cWp6OcasxdH8ET33PHDcnp4G5SCIZDv3yEmws3PwKKE7vCDJMOXUG/C0wQAXIJ/JwNv4kTkzdmCbMSoy0ufur9u+QyBbbD\n",
            "content_base64": null,
            "content_base64sha256": "d7vAmeKCVfAcP1QRV9HKqeJmwbX5S7hgdA9F+v2U5zQ=",
            "content_base64sha512": "XK7qN7DgFrJLtVVLbCWqd/4xd610vdVr8oPRjU0YMSX2i712N8WelMS3qeI46PQC+fIQ0de2HUSPNKJWcCdkNA==",
            "content_md5": "29566764518e5aeed17476970e6b81b9",
            "content_sha1": "f77da8ae705e61635a92911362139db69d454762",
            "content_sha256": "77bbc099e28255f01c3f541157d1caa9e266c1b5f94bb860740f45fafd94e734",
            "content_sha512": "5caeea37b0e016b24bb5554b6c25aa77fe3177ad74bdd56bf283d18d4d183125f68bbd7637c59e94c4b7a9e238e8f402f9f210d1d7b61d448f34a25670276434",
            "directory_permission": "0777",
            "file_permission": "0777",
            "filename": "../../modules/ssh_key/.ssh/myproject.id_rsa.pub",
            "id": "f77da8ae705e61635a92911362139db69d454762",
            "sensitive_content": null,
            "source": null
          },
          "sensitive_attributes": [],
          "dependencies": [
            "module.keypair.tls_private_key.keygen"
          ]
        }
      ]
    },
    {
      "module": "module.keypair",
      "mode": "managed",
      "type": "tls_private_key",
      "name": "keygen",
      "provider": "provider[\"registry.terraform.io/hashicorp/tls\"]",
      "instances": [
        {
          "schema_version": 1,
          "attributes": {
            "algorithm": "RSA",
            "ecdsa_curve": "P224",
            "id": "e5e5fa0ea29b68ffbbdea3abdaea7ae187c950bd",
            "private_key_openssh": "-----BEGIN OPENSSH PRIVATE KEY-----\nb3BlbnNzaC1rZXktdjEAAAAABG5vbmUAAAAEbm9uZQAAAAAAAAABAAABFwAAAAdz\nc2gtcnNhAAAAAwEAAQAAAQEArXqiClMiymx0co6Jf69dv2aJ8SfLjzV6ERZtA3Rr\nvRN+b6yukuP4scst2WnwU9NMPOMXLZgJUJ2CeMAn9fCFLpsQoustvwywlKNQYnqG\nSsTLkAoA03XCM+FVBnoNLO65gg4z2LxJiq/7Pxe1zWymQAZYgPbny7h/WoKu0j43\nVq9qX84hBac+8Se+WL1vAj917hPydnD7XF5UcoV2KGKqWKf2O5FLk44ibJ5+RXkb\nOuJVG4N610JmxmNnFqejnGrMXR/BE99zxw3J6eBuUgiGQ798hJsLNz8CihO7wgyT\nDl1BvwtMEAFyCfycDb+JE5M3ZgmzEqMtLn7q/bvkMgW2wwAAA7h96FjBfehYwQAA\nAAdzc2gtcnNhAAABAQCteqIKUyLKbHRyjol/r12/ZonxJ8uPNXoRFm0DdGu9E35v\nrK6S4/ixyy3ZafBT00w84xctmAlQnYJ4wCf18IUumxCi6y2/DLCUo1BieoZKxMuQ\nCgDTdcIz4VUGeg0s7rmCDjPYvEmKr/s/F7XNbKZABliA9ufLuH9agq7SPjdWr2pf\nziEFpz7xJ75YvW8CP3XuE/J2cPtcXlRyhXYoYqpYp/Y7kUuTjiJsnn5FeRs64lUb\ng3rXQmbGY2cWp6OcasxdH8ET33PHDcnp4G5SCIZDv3yEmws3PwKKE7vCDJMOXUG/\nC0wQAXIJ/JwNv4kTkzdmCbMSoy0ufur9u+QyBbbDAAAAAwEAAQAAAQBaDhAyNegY\nluZ4VYARVZLf+jXfh14HkKY2WqLqqTQIqib3h/fz7v46JZQ+id0lVsn7zZNJquQj\nAjEpx+62oE4y3HJtcJKF2+uKraDcDmjKRZC6zEaTf0z6K548x30xdxe76O2HNG8k\n3Kgbn45T/nPrRqAJCqNXwQXzkWV5ZKzLhVcwggVP3FMg74X3hZoaUck6aqQ9zbg1\nM89VLQf7nWvjeCD5BnTGbRv63AohoRW8hMXTAT/edru7rr0VTC+9bleXOxRqmDaY\nqj+xQPJ3Xf9NFSqfrKbDGdXbq15CTvtPsiy9MwklxJpTX4b5qdG6jHyFXqkczU9a\nwj9fgD0DuZhxAAAAgCNebg490/DlQBtoJDHcjKMytg58pdh9qOiMuGUoUOp+MlB9\nPy8I6JZvP4qHa60iiStpXiizdIRXw52dxxca2u7/Ir65eSavk3TIs5fnsyhskAO+\nDh+Xa550Q7kDiGYKvAYCZj5O8ACmbXN+RCEqMp7c4dzNnw9NIU74he0o5gRKAAAA\ngQDdM4Q95C1b6ZRWZ1xGBVBh5EBTemEkKg/uiC747R7x9N4dpXjP/JUnyE3ZR/RR\nvlwoStVfkgLUhCIJgz36yJ09mbh9vAlQLpfnHO5nZgiM4li2oG/5EYbLxuSYzuu7\n8MRGlQSPV7PyKWzEaFxj2NPf+nTshFc1AScWKcl8ND7G2wAAAIEAyMUwtATkbCqd\nHRvYUzmhJc9zVEaBMY3xU+qPlBB16/U0U13h5k6MLtdkmakW1wiy+ZSpetCI4jTQ\nA6Wog3hDemOyyMRkOkx2J3XTj7ZSgC+fIr2URXXoEG9dNCOCvYa8yca9HqvX9kWi\nuCk3FcF79tdKDRMPfeJW2Dk16DDlUDkAAAAAAQID\n-----END OPENSSH PRIVATE KEY-----\n",
            "private_key_pem": "-----BEGIN RSA PRIVATE KEY-----\nMIIEogIBAAKCAQEArXqiClMiymx0co6Jf69dv2aJ8SfLjzV6ERZtA3RrvRN+b6yu\nkuP4scst2WnwU9NMPOMXLZgJUJ2CeMAn9fCFLpsQoustvwywlKNQYnqGSsTLkAoA\n03XCM+FVBnoNLO65gg4z2LxJiq/7Pxe1zWymQAZYgPbny7h/WoKu0j43Vq9qX84h\nBac+8Se+WL1vAj917hPydnD7XF5UcoV2KGKqWKf2O5FLk44ibJ5+RXkbOuJVG4N6\n10JmxmNnFqejnGrMXR/BE99zxw3J6eBuUgiGQ798hJsLNz8CihO7wgyTDl1BvwtM\nEAFyCfycDb+JE5M3ZgmzEqMtLn7q/bvkMgW2wwIDAQABAoIBAFoOEDI16BiW5nhV\ngBFVkt/6Nd+HXgeQpjZaouqpNAiqJveH9/Pu/jollD6J3SVWyfvNk0mq5CMCMSnH\n7ragTjLccm1wkoXb64qtoNwOaMpFkLrMRpN/TPornjzHfTF3F7vo7Yc0byTcqBuf\njlP+c+tGoAkKo1fBBfORZXlkrMuFVzCCBU/cUyDvhfeFmhpRyTpqpD3NuDUzz1Ut\nB/uda+N4IPkGdMZtG/rcCiGhFbyExdMBP952u7uuvRVML71uV5c7FGqYNpiqP7FA\n8ndd/00VKp+spsMZ1durXkJO+0+yLL0zCSXEmlNfhvmp0bqMfIVeqRzNT1rCP1+A\nPQO5mHECgYEA3TOEPeQtW+mUVmdcRgVQYeRAU3phJCoP7ogu+O0e8fTeHaV4z/yV\nJ8hN2Uf0Ub5cKErVX5IC1IQiCYM9+sidPZm4fbwJUC6X5xzuZ2YIjOJYtqBv+RGG\ny8bkmM7ru/DERpUEj1ez8ilsxGhcY9jT3/p07IRXNQEnFinJfDQ+xtsCgYEAyMUw\ntATkbCqdHRvYUzmhJc9zVEaBMY3xU+qPlBB16/U0U13h5k6MLtdkmakW1wiy+ZSp\netCI4jTQA6Wog3hDemOyyMRkOkx2J3XTj7ZSgC+fIr2URXXoEG9dNCOCvYa8yca9\nHqvX9kWiuCk3FcF79tdKDRMPfeJW2Dk16DDlUDkCgYBKsmHe0JXsqtUX1HGZh6Pc\nWsrKJdJ19upIX56VGuXPSSRUmJNSkPYBaCe5zw2XKRRP2u1xB4qDH1erJLGiZWqL\n6cQeWYg/lmxfdCqhqhgLE0hn64fEcQG3AKQjYgTDA4wUVbAjg7dVeF2teZxxb0Al\nK5ueXxZf5NLBLj1G/xGP7wKBgFH1vfYfcSh/FPiHH36KLjEDSS+EQMV8DqKVRNvL\nBHi49w15a/ja4/tTTuwzzPEnyfh9KdrLOrYtnSWAART6iYFzJc8z7T6nbCybuywV\n4AQYbLx/7AGXKo9bBw9716mLUZKFoTreKCGPN+g6WxR0kiiopsBDobVgKtfGMy2A\nmHxxAoGAI15uDj3T8OVAG2gkMdyMozK2Dnyl2H2o6Iy4ZShQ6n4yUH0/Lwjolm8/\niodrrSKJK2leKLN0hFfDnZ3HFxra7v8ivrl5Jq+TdMizl+ezKGyQA74OH5drnnRD\nuQOIZgq8BgJmPk7wAKZtc35EISoyntzh3M2fD00hTviF7SjmBEo=\n-----END RSA PRIVATE KEY-----\n",
            "private_key_pem_pkcs8": "-----BEGIN PRIVATE KEY-----\nMIIEvAIBADANBgkqhkiG9w0BAQEFAASCBKYwggSiAgEAAoIBAQCteqIKUyLKbHRy\njol/r12/ZonxJ8uPNXoRFm0DdGu9E35vrK6S4/ixyy3ZafBT00w84xctmAlQnYJ4\nwCf18IUumxCi6y2/DLCUo1BieoZKxMuQCgDTdcIz4VUGeg0s7rmCDjPYvEmKr/s/\nF7XNbKZABliA9ufLuH9agq7SPjdWr2pfziEFpz7xJ75YvW8CP3XuE/J2cPtcXlRy\nhXYoYqpYp/Y7kUuTjiJsnn5FeRs64lUbg3rXQmbGY2cWp6OcasxdH8ET33PHDcnp\n4G5SCIZDv3yEmws3PwKKE7vCDJMOXUG/C0wQAXIJ/JwNv4kTkzdmCbMSoy0ufur9\nu+QyBbbDAgMBAAECggEAWg4QMjXoGJbmeFWAEVWS3/o134deB5CmNlqi6qk0CKom\n94f38+7+OiWUPondJVbJ+82TSarkIwIxKcfutqBOMtxybXCShdvriq2g3A5oykWQ\nusxGk39M+iuePMd9MXcXu+jthzRvJNyoG5+OU/5z60agCQqjV8EF85FleWSsy4VX\nMIIFT9xTIO+F94WaGlHJOmqkPc24NTPPVS0H+51r43gg+QZ0xm0b+twKIaEVvITF\n0wE/3na7u669FUwvvW5XlzsUapg2mKo/sUDyd13/TRUqn6ymwxnV26teQk77T7Is\nvTMJJcSaU1+G+anRuox8hV6pHM1PWsI/X4A9A7mYcQKBgQDdM4Q95C1b6ZRWZ1xG\nBVBh5EBTemEkKg/uiC747R7x9N4dpXjP/JUnyE3ZR/RRvlwoStVfkgLUhCIJgz36\nyJ09mbh9vAlQLpfnHO5nZgiM4li2oG/5EYbLxuSYzuu78MRGlQSPV7PyKWzEaFxj\n2NPf+nTshFc1AScWKcl8ND7G2wKBgQDIxTC0BORsKp0dG9hTOaElz3NURoExjfFT\n6o+UEHXr9TRTXeHmTowu12SZqRbXCLL5lKl60IjiNNADpaiDeEN6Y7LIxGQ6THYn\nddOPtlKAL58ivZRFdegQb100I4K9hrzJxr0eq9f2RaK4KTcVwXv210oNEw994lbY\nOTXoMOVQOQKBgEqyYd7Qleyq1RfUcZmHo9xaysol0nX26khfnpUa5c9JJFSYk1KQ\n9gFoJ7nPDZcpFE/a7XEHioMfV6sksaJlaovpxB5ZiD+WbF90KqGqGAsTSGfrh8Rx\nAbcApCNiBMMDjBRVsCODt1V4Xa15nHFvQCUrm55fFl/k0sEuPUb/EY/vAoGAUfW9\n9h9xKH8U+IcffoouMQNJL4RAxXwOopVE28sEeLj3DXlr+Nrj+1NO7DPM8SfJ+H0p\n2ss6ti2dJYABFPqJgXMlzzPtPqdsLJu7LBXgBBhsvH/sAZcqj1sHD3vXqYtRkoWh\nOt4oIY836DpbFHSSKKimwEOhtWAq18YzLYCYfHECgYAjXm4OPdPw5UAbaCQx3Iyj\nMrYOfKXYfajojLhlKFDqfjJQfT8vCOiWbz+Kh2utIokraV4os3SEV8OdnccXGtru\n/yK+uXkmr5N0yLOX57MobJADvg4fl2uedEO5A4hmCrwGAmY+TvAApm1zfkQhKjKe\n3OHczZ8PTSFO+IXtKOYESg==\n-----END PRIVATE KEY-----\n",
            "public_key_fingerprint_md5": "e7:99:76:30:3b:b5:a4:e4:be:50:a6:07:ac:c6:4c:bb",
            "public_key_fingerprint_sha256": "SHA256:XSgS4jQ7F70Is9oKZwWjP1RX4dQ5t4iXI7gweQiibAI",
            "public_key_openssh": "ssh-rsa AAAAB3NzaC1yc2EAAAADAQABAAABAQCteqIKUyLKbHRyjol/r12/ZonxJ8uPNXoRFm0DdGu9E35vrK6S4/ixyy3ZafBT00w84xctmAlQnYJ4wCf18IUumxCi6y2/DLCUo1BieoZKxMuQCgDTdcIz4VUGeg0s7rmCDjPYvEmKr/s/F7XNbKZABliA9ufLuH9agq7SPjdWr2pfziEFpz7xJ75YvW8CP3XuE/J2cPtcXlRyhXYoYqpYp/Y7kUuTjiJsnn5FeRs64lUbg3rXQmbGY2cWp6OcasxdH8ET33PHDcnp4G5SCIZDv3yEmws3PwKKE7vCDJMOXUG/C0wQAXIJ/JwNv4kTkzdmCbMSoy0ufur9u+QyBbbD\n",
            "public_key_pem": "-----BEGIN PUBLIC KEY-----\nMIIBIjANBgkqhkiG9w0BAQEFAAOCAQ8AMIIBCgKCAQEArXqiClMiymx0co6Jf69d\nv2aJ8SfLjzV6ERZtA3RrvRN+b6yukuP4scst2WnwU9NMPOMXLZgJUJ2CeMAn9fCF\nLpsQoustvwywlKNQYnqGSsTLkAoA03XCM+FVBnoNLO65gg4z2LxJiq/7Pxe1zWym\nQAZYgPbny7h/WoKu0j43Vq9qX84hBac+8Se+WL1vAj917hPydnD7XF5UcoV2KGKq\nWKf2O5FLk44ibJ5+RXkbOuJVG4N610JmxmNnFqejnGrMXR/BE99zxw3J6eBuUgiG\nQ798hJsLNz8CihO7wgyTDl1BvwtMEAFyCfycDb+JE5M3ZgmzEqMtLn7q/bvkMgW2\nwwIDAQAB\n-----END PUBLIC KEY-----\n",
            "rsa_bits": 2048
          },
          "sensitive_attributes": []
        }
      ]
    },
    {
      "module": "module.security_group",
      "mode": "managed",
      "type": "aws_security_group",
      "name": "allow_http_only",
      "provider": "provider[\"registry.terraform.io/hashicorp/aws\"]",
      "instances": [
        {
          "schema_version": 1,
          "attributes": {
            "arn": "arn:aws:ec2:ap-northeast-1:864981749778:security-group/sg-0f4f81e6aad35a8d0",
            "description": "Allow http traffic only",
            "egress": [
              {
                "cidr_blocks": [
                  "0.0.0.0/0"
                ],
                "description": "",
                "from_port": 0,
                "ipv6_cidr_blocks": [],
                "prefix_list_ids": [],
                "protocol": "-1",
                "security_groups": [],
                "self": false,
                "to_port": 0
              }
            ],
            "id": "sg-0f4f81e6aad35a8d0",
            "ingress": [
              {
                "cidr_blocks": [
                  "0.0.0.0/0"
                ],
                "description": "",
                "from_port": 443,
                "ipv6_cidr_blocks": [],
                "prefix_list_ids": [],
                "protocol": "tcp",
                "security_groups": [],
                "self": false,
                "to_port": 443
              },
              {
                "cidr_blocks": [
                  "0.0.0.0/0"
                ],
                "description": "",
                "from_port": 80,
                "ipv6_cidr_blocks": [],
                "prefix_list_ids": [],
                "protocol": "tcp",
                "security_groups": [],
                "self": false,
                "to_port": 80
              }
            ],
            "name": "mySecurityGroup_http_only-terraform",
            "name_prefix": "",
            "owner_id": "864981749778",
            "revoke_rules_on_delete": false,
            "tags": {},
            "tags_all": {},
            "timeouts": null,
            "vpc_id": "vpc-0ed97aaeb04602fd9"
          },
          "sensitive_attributes": [],
          "private": "eyJlMmJmYjczMC1lY2FhLTExZTYtOGY4OC0zNDM2M2JjN2M0YzAiOnsiY3JlYXRlIjo2MDAwMDAwMDAwMDAsImRlbGV0ZSI6OTAwMDAwMDAwMDAwfSwic2NoZW1hX3ZlcnNpb24iOiIxIn0=",
          "dependencies": [
            "module.vpc.aws_vpc.main"
          ]
        }
      ]
    },
    {
      "module": "module.security_group",
      "mode": "managed",
      "type": "aws_security_group",
      "name": "allow_ssh_http",
      "provider": "provider[\"registry.terraform.io/hashicorp/aws\"]",
      "instances": [
        {
          "schema_version": 1,
          "attributes": {
            "arn": "arn:aws:ec2:ap-northeast-1:864981749778:security-group/sg-0c37ded5d452b1b99",
            "description": "Allow ssh/http traffic",
            "egress": [
              {
                "cidr_blocks": [
                  "0.0.0.0/0"
                ],
                "description": "",
                "from_port": 0,
                "ipv6_cidr_blocks": [],
                "prefix_list_ids": [],
                "protocol": "-1",
                "security_groups": [],
                "self": false,
                "to_port": 0
              }
            ],
            "id": "sg-0c37ded5d452b1b99",
            "ingress": [
              {
                "cidr_blocks": [
                  "0.0.0.0/0"
                ],
                "description": "",
                "from_port": 22,
                "ipv6_cidr_blocks": [],
                "prefix_list_ids": [],
                "protocol": "tcp",
                "security_groups": [],
                "self": false,
                "to_port": 22
              },
              {
                "cidr_blocks": [
                  "0.0.0.0/0"
                ],
                "description": "",
                "from_port": 80,
                "ipv6_cidr_blocks": [],
                "prefix_list_ids": [],
                "protocol": "tcp",
                "security_groups": [],
                "self": false,
                "to_port": 80
              }
            ],
            "name": "mySecurityGroup_ssh/http-terraform",
            "name_prefix": "",
            "owner_id": "864981749778",
            "revoke_rules_on_delete": false,
            "tags": {},
            "tags_all": {},
            "timeouts": null,
            "vpc_id": "vpc-0ed97aaeb04602fd9"
          },
          "sensitive_attributes": [],
          "private": "eyJlMmJmYjczMC1lY2FhLTExZTYtOGY4OC0zNDM2M2JjN2M0YzAiOnsiY3JlYXRlIjo2MDAwMDAwMDAwMDAsImRlbGV0ZSI6OTAwMDAwMDAwMDAwfSwic2NoZW1hX3ZlcnNpb24iOiIxIn0=",
          "dependencies": [
            "module.vpc.aws_vpc.main"
          ]
        }
      ]
    },
    {
      "module": "module.vpc",
      "mode": "managed",
      "type": "aws_subnet",
      "name": "private_a",
      "provider": "provider[\"registry.terraform.io/hashicorp/aws\"]",
      "instances": [
        {
          "schema_version": 1,
          "attributes": {
            "arn": "arn:aws:ec2:ap-northeast-1:864981749778:subnet/subnet-0da218349d6b2e1c5",
            "assign_ipv6_address_on_creation": false,
            "availability_zone": "ap-northeast-1a",
            "availability_zone_id": "apne1-az4",
            "cidr_block": "10.0.11.0/24",
            "customer_owned_ipv4_pool": "",
            "enable_dns64": false,
            "enable_lni_at_device_index": 0,
            "enable_resource_name_dns_a_record_on_launch": false,
            "enable_resource_name_dns_aaaa_record_on_launch": false,
            "id": "subnet-0da218349d6b2e1c5",
            "ipv6_cidr_block": "",
            "ipv6_cidr_block_association_id": "",
            "ipv6_native": false,
            "map_customer_owned_ip_on_launch": false,
            "map_public_ip_on_launch": false,
            "outpost_arn": "",
            "owner_id": "864981749778",
            "private_dns_hostname_type_on_launch": "ip-name",
            "tags": {
              "Name": "PrivateSubnet_A-from-Terraform-develop"
            },
            "tags_all": {
              "Name": "PrivateSubnet_A-from-Terraform-develop"
            },
            "timeouts": null,
            "vpc_id": "vpc-0ed97aaeb04602fd9"
          },
          "sensitive_attributes": [],
          "private": "eyJlMmJmYjczMC1lY2FhLTExZTYtOGY4OC0zNDM2M2JjN2M0YzAiOnsiY3JlYXRlIjo2MDAwMDAwMDAwMDAsImRlbGV0ZSI6MTIwMDAwMDAwMDAwMH0sInNjaGVtYV92ZXJzaW9uIjoiMSJ9",
          "dependencies": [
            "module.vpc.aws_vpc.main"
          ]
        }
      ]
    },
    {
      "module": "module.vpc",
      "mode": "managed",
      "type": "aws_subnet",
      "name": "public_a",
      "provider": "provider[\"registry.terraform.io/hashicorp/aws\"]",
      "instances": [
        {
          "schema_version": 1,
          "attributes": {
            "arn": "arn:aws:ec2:ap-northeast-1:864981749778:subnet/subnet-0e4b74ac9105a5e01",
            "assign_ipv6_address_on_creation": false,
            "availability_zone": "ap-northeast-1a",
            "availability_zone_id": "apne1-az4",
            "cidr_block": "10.0.1.0/24",
            "customer_owned_ipv4_pool": "",
            "enable_dns64": false,
            "enable_lni_at_device_index": 0,
            "enable_resource_name_dns_a_record_on_launch": false,
            "enable_resource_name_dns_aaaa_record_on_launch": false,
            "id": "subnet-0e4b74ac9105a5e01",
            "ipv6_cidr_block": "",
            "ipv6_cidr_block_association_id": "",
            "ipv6_native": false,
            "map_customer_owned_ip_on_launch": false,
            "map_public_ip_on_launch": false,
            "outpost_arn": "",
            "owner_id": "864981749778",
            "private_dns_hostname_type_on_launch": "ip-name",
            "tags": {
              "Name": "PublicSubnet_C-from-Terraform-develop"
            },
            "tags_all": {
              "Name": "PublicSubnet_C-from-Terraform-develop"
            },
            "timeouts": null,
            "vpc_id": "vpc-0ed97aaeb04602fd9"
          },
          "sensitive_attributes": [],
          "private": "eyJlMmJmYjczMC1lY2FhLTExZTYtOGY4OC0zNDM2M2JjN2M0YzAiOnsiY3JlYXRlIjo2MDAwMDAwMDAwMDAsImRlbGV0ZSI6MTIwMDAwMDAwMDAwMH0sInNjaGVtYV92ZXJzaW9uIjoiMSJ9",
          "dependencies": [
            "module.vpc.aws_vpc.main"
          ]
        }
      ]
    },
    {
      "module": "module.vpc",
      "mode": "managed",
      "type": "aws_subnet",
      "name": "public_c",
      "provider": "provider[\"registry.terraform.io/hashicorp/aws\"]",
      "instances": [
        {
          "schema_version": 1,
          "attributes": {
            "arn": "arn:aws:ec2:ap-northeast-1:864981749778:subnet/subnet-012395684e131ad34",
            "assign_ipv6_address_on_creation": false,
            "availability_zone": "ap-northeast-1c",
            "availability_zone_id": "apne1-az1",
            "cidr_block": "10.0.2.0/24",
            "customer_owned_ipv4_pool": "",
            "enable_dns64": false,
            "enable_lni_at_device_index": 0,
            "enable_resource_name_dns_a_record_on_launch": false,
            "enable_resource_name_dns_aaaa_record_on_launch": false,
            "id": "subnet-012395684e131ad34",
            "ipv6_cidr_block": "",
            "ipv6_cidr_block_association_id": "",
            "ipv6_native": false,
            "map_customer_owned_ip_on_launch": false,
            "map_public_ip_on_launch": true,
            "outpost_arn": "",
            "owner_id": "864981749778",
            "private_dns_hostname_type_on_launch": "ip-name",
            "tags": {
              "Name": "PublicSubnet_A-from-Terraform-develop"
            },
            "tags_all": {
              "Name": "PublicSubnet_A-from-Terraform-develop"
            },
            "timeouts": null,
            "vpc_id": "vpc-0ed97aaeb04602fd9"
          },
          "sensitive_attributes": [],
          "private": "eyJlMmJmYjczMC1lY2FhLTExZTYtOGY4OC0zNDM2M2JjN2M0YzAiOnsiY3JlYXRlIjo2MDAwMDAwMDAwMDAsImRlbGV0ZSI6MTIwMDAwMDAwMDAwMH0sInNjaGVtYV92ZXJzaW9uIjoiMSJ9",
          "dependencies": [
            "module.vpc.aws_vpc.main"
          ]
        }
      ]
    },
    {
      "module": "module.vpc",
      "mode": "managed",
      "type": "aws_vpc",
      "name": "main",
      "provider": "provider[\"registry.terraform.io/hashicorp/aws\"]",
      "instances": [
        {
          "schema_version": 1,
          "attributes": {
            "arn": "arn:aws:ec2:ap-northeast-1:864981749778:vpc/vpc-0ed97aaeb04602fd9",
            "assign_generated_ipv6_cidr_block": false,
            "cidr_block": "10.0.0.0/16",
            "default_network_acl_id": "acl-041863d40a67526e8",
            "default_route_table_id": "rtb-0d4686319a38e7254",
            "default_security_group_id": "sg-040fbefee458ad8db",
            "dhcp_options_id": "dopt-0cef3130caaeaf7f6",
            "enable_dns_hostnames": false,
            "enable_dns_support": true,
            "enable_network_address_usage_metrics": false,
            "id": "vpc-0ed97aaeb04602fd9",
            "instance_tenancy": "default",
            "ipv4_ipam_pool_id": null,
            "ipv4_netmask_length": null,
            "ipv6_association_id": "",
            "ipv6_cidr_block": "",
            "ipv6_cidr_block_network_border_group": "",
            "ipv6_ipam_pool_id": "",
            "ipv6_netmask_length": 0,
            "main_route_table_id": "rtb-0d4686319a38e7254",
            "owner_id": "864981749778",
            "tags": {
              "Name": "my-VPC-from-Terraform"
            },
            "tags_all": {
              "Name": "my-VPC-from-Terraform"
            }
          },
          "sensitive_attributes": [],
          "private": "eyJzY2hlbWFfdmVyc2lvbiI6IjEifQ=="
        }
      ]
    }
  ],
  "check_results": null
}
